
Microsoft Visual Studio Solution File, Format Version 12.00
# Visual Studio Version 17
VisualStudioVersion = 17.7.34031.279
MinimumVisualStudioVersion = 10.0.40219.1
Project("{FAE04EC0-301F-11D3-BF4B-00C04F79EFBC}") = "Domain", "Edabit\Domain.csproj", "{271948A4-3641-4760-A04B-718844AC9D55}"
EndProject
Project("{FAE04EC0-301F-11D3-BF4B-00C04F79EFBC}") = "Tests", "Tests\Tests.csproj", "{E9A76DF9-FD3C-43E8-9850-19EDFCF89B86}"
EndProject
Global
	GlobalSection(SolutionConfigurationPlatforms) = preSolution
		Debug|Any CPU = Debug|Any CPU
		Release|Any CPU = Release|Any CPU
	EndGlobalSection
	GlobalSection(ProjectConfigurationPlatforms) = postSolution
		{271948A4-3641-4760-A04B-718844AC9D55}.Debug|Any CPU.ActiveCfg = Debug|Any CPU
		{271948A4-3641-4760-A04B-718844AC9D55}.Debug|Any CPU.Build.0 = Debug|Any CPU
		{271948A4-3641-4760-A04B-718844AC9D55}.Release|Any CPU.ActiveCfg = Release|Any CPU
		{271948A4-3641-4760-A04B-718844AC9D55}.Release|Any CPU.Build.0 = Release|Any CPU
		{E9A76DF9-FD3C-43E8-9850-19EDFCF89B86}.Debug|Any CPU.ActiveCfg = Debug|Any CPU
		{E9A76DF9-FD3C-43E8-9850-19EDFCF89B86}.Debug|Any CPU.Build.0 = Debug|Any CPU
		{E9A76DF9-FD3C-43E8-9850-19EDFCF89B86}.Release|Any CPU.ActiveCfg = Release|Any CPU
		{E9A76DF9-FD3C-43E8-9850-19EDFCF89B86}.Release|Any CPU.Build.0 = Release|Any CPU
	EndGlobalSection
	GlobalSection(SolutionProperties) = preSolution
		HideSolutionNode = FALSE
	EndGlobalSection
	GlobalSection(ExtensibilityGlobals) = postSolution
		SolutionGuid = {1B44C62A-62EA-4F14-B094-FFDF44373D63}
	EndGlobalSection
EndGlobal
